
Microsoft Visual Studio Solution File, Format Version 12.00
# Visual Studio Version 17
VisualStudioVersion = 17.1.32328.378
MinimumVisualStudioVersion = 10.0.40219.1
Project("{FAE04EC0-301F-11D3-BF4B-00C04F79EFBC}") = "KaianLanches", "KaianLanches\KaianLanches.csproj", "{E0DB6BB5-75B3-4E94-AA20-34F5064A969C}"
EndProject
Global
	GlobalSection(SolutionConfigurationPlatforms) = preSolution
		Debug|Any CPU = Debug|Any CPU
		Release|Any CPU = Release|Any CPU
	EndGlobalSection
	GlobalSection(ProjectConfigurationPlatforms) = postSolution
		{E0DB6BB5-75B3-4E94-AA20-34F5064A969C}.Debug|Any CPU.ActiveCfg = Debug|Any CPU
		{E0DB6BB5-75B3-4E94-AA20-34F5064A969C}.Debug|Any CPU.Build.0 = Debug|Any CPU
		{E0DB6BB5-75B3-4E94-AA20-34F5064A969C}.Release|Any CPU.ActiveCfg = Release|Any CPU
		{E0DB6BB5-75B3-4E94-AA20-34F5064A969C}.Release|Any CPU.Build.0 = Release|Any CPU
	EndGlobalSection
	GlobalSection(SolutionProperties) = preSolution
		HideSolutionNode = FALSE
	EndGlobalSection
	GlobalSection(ExtensibilityGlobals) = postSolution
		SolutionGuid = {3EC6F575-31EA-442A-B685-155148770C5B}
	EndGlobalSection
EndGlobal
